{
  "originHash" : "fab5bc0617a2fd3daeafb980ff0ad7fd35161dfc37254fe9e0e30d81e447274c",
  "pins" : [
    {
      "identity" : "keychainaccess",
      "kind" : "remoteSourceControl",
      "location" : "https://github.com/kishikawakatsumi/KeychainAccess",
      "state" : {
        "branch" : "master",
        "revision" : "e0c7eebc5a4465a3c4680764f26b7a61f567cdaf"
      }
    },
    {
      "identity" : "spconfetti",
      "kind" : "remoteSourceControl",
      "location" : "https://github.com/ivanvorobei/SPConfetti.git",
      "state" : {
        "revision" : "0896bbf9ec20eaf125598d0f36ee5f1049117e18",
        "version" : "1.4.2"
      }
    }
  ],
  "version" : 3
}
